# THIS IS AN AUTOGENERATED FILE. DO NOT EDIT THIS FILE DIRECTLY.
# yarn lockfile v1


"@types/cacheable-request@^6.0.1":
  version "6.0.1"
  resolved "https://registry.npm.taobao.org/@types/cacheable-request/download/@types/cacheable-request-6.0.1.tgz?cache=0&sync_timestamp=1605061482692&other_urls=https%3A%2F%2Fregistry.npm.taobao.org%2F%40types%2Fcacheable-request%2Fdownload%2F%40types%2Fcacheable-request-6.0.1.tgz#5d22f3dded1fd3a84c0bbeb5039a7419c2c91976"
  integrity sha1-XSLz3e0f06hMC761A5p0GcLJGXY=
  dependencies:
    "@types/http-cache-semantics" "*"
    "@types/keyv" "*"
    "@types/node" "*"
    "@types/responselike" "*"

"@types/debug@^4.1.5":
  version "4.1.5"
  resolved "https://registry.npm.taobao.org/@types/debug/download/@types/debug-4.1.5.tgz?cache=0&sync_timestamp=1605053916715&other_urls=https%3A%2F%2Fregistry.npm.taobao.org%2F%40types%2Fdebug%2Fdownload%2F%40types%2Fdebug-4.1.5.tgz#b14efa8852b7768d898906613c23f688713e02cd"
  integrity sha1-sU76iFK3do2JiQZhPCP2iHE+As0=

"@types/glob@^7.1.3":
  version "7.1.3"
  resolved "https://registry.npm.taobao.org/@types/glob/download/@types/glob-7.1.3.tgz#e6ba80f36b7daad2c685acd9266382e68985c183"
  integrity sha1-5rqA82t9qtLGhazZJmOC5omFwYM=
  dependencies:
    "@types/minimatch" "*"
    "@types/node" "*"

"@types/graphlib@^2.1.7":
  version "2.1.7"
  resolved "https://registry.npm.taobao.org/@types/graphlib/download/@types/graphlib-2.1.7.tgz#e6a47a4f43511f5bad30058a669ce5ce93bfd823"
  integrity sha1-5qR6T0NRH1utMAWKZpzlzpO/2CM=

"@types/hosted-git-info@^3.0.1":
  version "3.0.1"
  resolved "https://registry.npm.taobao.org/@types/hosted-git-info/download/@types/hosted-git-info-3.0.1.tgz#ae017651a1c3aab1c72674ff0924aa5a0c325437"
  integrity sha1-rgF2UaHDqrHHJnT/CSSqWgwyVDc=

"@types/http-cache-semantics@*", "@types/http-cache-semantics@^4.0.0":
  version "4.0.0"
  resolved "https://registry.npm.taobao.org/@types/http-cache-semantics/download/@types/http-cache-semantics-4.0.0.tgz?cache=0&sync_timestamp=1605061524074&other_urls=https%3A%2F%2Fregistry.npm.taobao.org%2F%40types%2Fhttp-cache-semantics%2Fdownload%2F%40types%2Fhttp-cache-semantics-4.0.0.tgz#9140779736aa2655635ee756e2467d787cfe8a2a"
  integrity sha1-kUB3lzaqJlVjXudW4kZ9eHz+iio=

"@types/js-yaml@^4.0.0":
  version "4.0.0"
  resolved "https://registry.npm.taobao.org/@types/js-yaml/download/@types/js-yaml-4.0.0.tgz#d1a11688112091f2c711674df3a65ea2f47b5dfb"
  integrity sha1-0aEWiBEgkfLHEWdN86ZeovR7Xfs=

"@types/keyv@*", "@types/keyv@^3.1.1":
  version "3.1.1"
  resolved "https://registry.npm.taobao.org/@types/keyv/download/@types/keyv-3.1.1.tgz#e45a45324fca9dab716ab1230ee249c9fb52cfa7"
  integrity sha1-5FpFMk/KnatxarEjDuJJyftSz6c=
  dependencies:
    "@types/node" "*"

"@types/minimatch@*", "@types/minimatch@^3.0.3":
  version "3.0.3"
  resolved "https://registry.npm.taobao.org/@types/minimatch/download/@types/minimatch-3.0.3.tgz#3dca0e3f33b200fc7d1139c0cd96c1268cadfd9d"
  integrity sha1-PcoOPzOyAPx9ETnAzZbBJoyt/Z0=

"@types/node@*":
  version "14.14.22"
  resolved "https://registry.npm.taobao.org/@types/node/download/@types/node-14.14.22.tgz?cache=0&sync_timestamp=1611168821881&other_urls=https%3A%2F%2Fregistry.npm.taobao.org%2F%40types%2Fnode%2Fdownload%2F%40types%2Fnode-14.14.22.tgz#0d29f382472c4ccf3bd96ff0ce47daf5b7b84b18"
  integrity sha1-DSnzgkcsTM872W/wzkfa9be4Sxg=

"@types/normalize-package-data@^2.4.0":
  version "2.4.0"
  resolved "https://registry.npm.taobao.org/@types/normalize-package-data/download/@types/normalize-package-data-2.4.0.tgz#e486d0d97396d79beedd0a6e33f4534ff6b4973e"
  integrity sha1-5IbQ2XOW15vu3QpuM/RTT/a0lz4=

"@types/responselike@*", "@types/responselike@^1.0.0":
  version "1.0.0"
  resolved "https://registry.npm.taobao.org/@types/responselike/download/@types/responselike-1.0.0.tgz?cache=0&sync_timestamp=1605060422177&other_urls=https%3A%2F%2Fregistry.npm.taobao.org%2F%40types%2Fresponselike%2Fdownload%2F%40types%2Fresponselike-1.0.0.tgz#251f4fe7d154d2bad125abe1b429b23afd262e29"
  integrity sha1-JR9P59FU0rrRJavhtCmyOv0mLik=
  dependencies:
    "@types/node" "*"

"@types/semver@^7.3.4":
  version "7.3.4"
  resolved "https://registry.npm.taobao.org/@types/semver/download/@types/semver-7.3.4.tgz#43d7168fec6fa0988bb1a513a697b29296721afb"
  integrity sha1-Q9cWj+xvoJiLsaUTppeykpZyGvs=

arg@^4.1.0:
  version "4.1.3"
  resolved "https://registry.npm.taobao.org/arg/download/arg-4.1.3.tgz#269fc7ad5b8e42cb63c896d5666017261c144089"
  integrity sha1-Jp/HrVuOQstjyJbVZmAXJhwUQIk=

buffer-from@^1.0.0:
  version "1.1.1"
  resolved "https://registry.npm.taobao.org/buffer-from/download/buffer-from-1.1.1.tgz#32713bc028f75c02fdb710d7c7bcec1f2c6070ef"
  integrity sha1-MnE7wCj3XAL9txDXx7zsHyxgcO8=

conventional-commit-types@^2.0.0:
  version "2.3.0"
  resolved "https://registry.npm.taobao.org/conventional-commit-types/download/conventional-commit-types-2.3.0.tgz#bc3c8ebba0a9e4b3ecc548f1d0674e251ab8be22"
  integrity sha1-vDyOu6Cp5LPsxUjx0GdOJRq4viI=

create-require@^1.1.0:
  version "1.1.1"
  resolved "https://registry.npm.taobao.org/create-require/download/create-require-1.1.1.tgz#c1d7e8f1e5f6cfc9ff65f9cd352d37348756c333"
  integrity sha1-wdfo8eX2z8n/ZfnNNS03NIdWwzM=

cz-conventional-changelog@^2.1.0:
  version "2.1.0"
  resolved "https://registry.npm.taobao.org/cz-conventional-changelog/download/cz-conventional-changelog-2.1.0.tgz#2f4bc7390e3244e4df293e6ba351e4c740a7c764"
  integrity sha1-L0vHOQ4yROTfKT5ro1Hkx0Cnx2Q=
  dependencies:
    conventional-commit-types "^2.0.0"
    lodash.map "^4.5.1"
    longest "^1.0.1"
    right-pad "^1.0.1"
    word-wrap "^1.0.3"

diff@^4.0.1:
  version "4.0.2"
  resolved "https://registry.npm.taobao.org/diff/download/diff-4.0.2.tgz?cache=0&sync_timestamp=1604804327529&other_urls=https%3A%2F%2Fregistry.npm.taobao.org%2Fdiff%2Fdownload%2Fdiff-4.0.2.tgz#60f3aecb89d5fae520c11aa19efc2bb982aade7d"
  integrity sha1-YPOuy4nV+uUgwRqhnvwruYKq3n0=

lodash.map@^4.5.1:
  version "4.6.0"
  resolved "https://registry.npm.taobao.org/lodash.map/download/lodash.map-4.6.0.tgz#771ec7839e3473d9c4cde28b19394c3562f4f6d3"
  integrity sha1-dx7Hg540c9nEzeKLGTlMNWL09tM=

longest@^1.0.1:
  version "1.0.1"
  resolved "https://registry.npm.taobao.org/longest/download/longest-1.0.1.tgz#30a0b2da38f73770e8294a0d22e6625ed77d0097"
  integrity sha1-MKCy2jj3N3DoKUoNIuZiXtd9AJc=

make-error@^1.1.1:
  version "1.3.6"
  resolved "https://registry.npm.taobao.org/make-error/download/make-error-1.3.6.tgz?cache=0&sync_timestamp=1582106154960&other_urls=https%3A%2F%2Fregistry.npm.taobao.org%2Fmake-error%2Fdownload%2Fmake-error-1.3.6.tgz#2eb2e37ea9b67c4891f684a1394799af484cf7a2"
  integrity sha1-LrLjfqm2fEiR9oShOUeZr0hM96I=

right-pad@^1.0.1:
  version "1.0.1"
  resolved "https://registry.npm.taobao.org/right-pad/download/right-pad-1.0.1.tgz#8ca08c2cbb5b55e74dafa96bf7fd1a27d568c8d0"
  integrity sha1-jKCMLLtbVedNr6lr9/0aJ9VoyNA=

source-map-support@^0.5.17:
  version "0.5.19"
  resolved "https://registry.npm.taobao.org/source-map-support/download/source-map-support-0.5.19.tgz#a98b62f86dcaf4f67399648c085291ab9e8fed61"
  integrity sha1-qYti+G3K9PZzmWSMCFKRq56P7WE=
  dependencies:
    buffer-from "^1.0.0"
    source-map "^0.6.0"

source-map@^0.6.0:
  version "0.6.1"
  resolved "https://registry.npm.taobao.org/source-map/download/source-map-0.6.1.tgz?cache=0&sync_timestamp=1604409581245&other_urls=https%3A%2F%2Fregistry.npm.taobao.org%2Fsource-map%2Fdownload%2Fsource-map-0.6.1.tgz#74722af32e9614e9c287a8d0bbde48b5e2f1a263"
  integrity sha1-dHIq8y6WFOnCh6jQu95IteLxomM=

ts-node@^9.1.1:
  version "9.1.1"
  resolved "https://registry.npm.taobao.org/ts-node/download/ts-node-9.1.1.tgz#51a9a450a3e959401bda5f004a72d54b936d376d"
  integrity sha1-UamkUKPpWUAb2l8ASnLVS5NtN20=
  dependencies:
    arg "^4.1.0"
    create-require "^1.1.0"
    diff "^4.0.1"
    make-error "^1.1.1"
    source-map-support "^0.5.17"
    yn "3.1.1"

typescript@^4.1.3:
  version "4.1.3"
  resolved "https://registry.npm.taobao.org/typescript/download/typescript-4.1.3.tgz#519d582bd94cba0cf8934c7d8e8467e473f53bb7"
  integrity sha1-UZ1YK9lMugz4k0x9joRn5HP1O7c=

word-wrap@^1.0.3:
  version "1.2.4"
  resolved "https://registry.npmmirror.com/word-wrap/-/word-wrap-1.2.4.tgz#cb4b50ec9aca570abd1f52f33cd45b6c61739a9f"
  integrity sha512-2V81OA4ugVo5pRo46hAoD2ivUJx8jXmWXfUkY4KFNw0hEptvN0QfH3K4nHiwzGeKl5rFKedV48QVoqYavy4YpA==

yn@3.1.1:
  version "3.1.1"
  resolved "https://registry.npm.taobao.org/yn/download/yn-3.1.1.tgz#1e87401a09d767c1d5eab26a6e4c185182d2eb50"
  integrity sha1-HodAGgnXZ8HV6rJqbkwYUYLS61A=
